
Microsoft Visual Studio Solution File, Format Version 12.00
# Visual Studio Version 16
VisualStudioVersion = 16.0.31105.61
MinimumVisualStudioVersion = 10.0.40219.1
Project("{8BC9CEB8-8B4A-11D0-8D11-00A0C91BC942}") = "Lab11_CollectionClasses", "Lab11_CollectionClasses\Lab11_CollectionClasses.vcxproj", "{F7CC1A4A-B1CE-49DF-BCC2-099D082043C4}"
EndProject
Global
	GlobalSection(SolutionConfigurationPlatforms) = preSolution
		Debug|x64 = Debug|x64
		Debug|x86 = Debug|x86
		Release|x64 = Release|x64
		Release|x86 = Release|x86
	EndGlobalSection
	GlobalSection(ProjectConfigurationPlatforms) = postSolution
		{F7CC1A4A-B1CE-49DF-BCC2-099D082043C4}.Debug|x64.ActiveCfg = Debug|x64
		{F7CC1A4A-B1CE-49DF-BCC2-099D082043C4}.Debug|x64.Build.0 = Debug|x64
		{F7CC1A4A-B1CE-49DF-BCC2-099D082043C4}.Debug|x86.ActiveCfg = Debug|Win32
		{F7CC1A4A-B1CE-49DF-BCC2-099D082043C4}.Debug|x86.Build.0 = Debug|Win32
		{F7CC1A4A-B1CE-49DF-BCC2-099D082043C4}.Release|x64.ActiveCfg = Release|x64
		{F7CC1A4A-B1CE-49DF-BCC2-099D082043C4}.Release|x64.Build.0 = Release|x64
		{F7CC1A4A-B1CE-49DF-BCC2-099D082043C4}.Release|x86.ActiveCfg = Release|Win32
		{F7CC1A4A-B1CE-49DF-BCC2-099D082043C4}.Release|x86.Build.0 = Release|Win32
	EndGlobalSection
	GlobalSection(SolutionProperties) = preSolution
		HideSolutionNode = FALSE
	EndGlobalSection
	GlobalSection(ExtensibilityGlobals) = postSolution
		SolutionGuid = {42302FE0-252A-430E-81B2-93B02B9D8A9F}
	EndGlobalSection
EndGlobal
