
Microsoft Visual Studio Solution File, Format Version 12.00
# Visual Studio Version 16
VisualStudioVersion = 16.0.31105.61
MinimumVisualStudioVersion = 10.0.40219.1
Project("{8BC9CEB8-8B4A-11D0-8D11-00A0C91BC942}") = "Lab12_MultiArrays", "Lab12_MultiArrays\Lab12_MultiArrays.vcxproj", "{CCB163EE-1A8A-46E3-8B35-A869AF74B30F}"
EndProject
Global
	GlobalSection(SolutionConfigurationPlatforms) = preSolution
		Debug|x64 = Debug|x64
		Debug|x86 = Debug|x86
		Release|x64 = Release|x64
		Release|x86 = Release|x86
	EndGlobalSection
	GlobalSection(ProjectConfigurationPlatforms) = postSolution
		{CCB163EE-1A8A-46E3-8B35-A869AF74B30F}.Debug|x64.ActiveCfg = Debug|x64
		{CCB163EE-1A8A-46E3-8B35-A869AF74B30F}.Debug|x64.Build.0 = Debug|x64
		{CCB163EE-1A8A-46E3-8B35-A869AF74B30F}.Debug|x86.ActiveCfg = Debug|Win32
		{CCB163EE-1A8A-46E3-8B35-A869AF74B30F}.Debug|x86.Build.0 = Debug|Win32
		{CCB163EE-1A8A-46E3-8B35-A869AF74B30F}.Release|x64.ActiveCfg = Release|x64
		{CCB163EE-1A8A-46E3-8B35-A869AF74B30F}.Release|x64.Build.0 = Release|x64
		{CCB163EE-1A8A-46E3-8B35-A869AF74B30F}.Release|x86.ActiveCfg = Release|Win32
		{CCB163EE-1A8A-46E3-8B35-A869AF74B30F}.Release|x86.Build.0 = Release|Win32
	EndGlobalSection
	GlobalSection(SolutionProperties) = preSolution
		HideSolutionNode = FALSE
	EndGlobalSection
	GlobalSection(ExtensibilityGlobals) = postSolution
		SolutionGuid = {6BA437AA-50F3-458B-9198-1F2B6302EB22}
	EndGlobalSection
EndGlobal
